
Microsoft Visual Studio Solution File, Format Version 12.00
# Visual Studio Version 16
VisualStudioVersion = 16.0.29728.190
MinimumVisualStudioVersion = 10.0.40219.1
Project("{8BC9CEB8-8B4A-11D0-8D11-00A0C91BC942}") = "2020practice", "2020practice\2020practice.vcxproj", "{7A216346-9B8E-4577-878E-319AF66E9B1A}"
EndProject
Global
	GlobalSection(SolutionConfigurationPlatforms) = preSolution
		Debug|x64 = Debug|x64
		Debug|x86 = Debug|x86
		Release|x64 = Release|x64
		Release|x86 = Release|x86
	EndGlobalSection
	GlobalSection(ProjectConfigurationPlatforms) = postSolution
		{7A216346-9B8E-4577-878E-319AF66E9B1A}.Debug|x64.ActiveCfg = Debug|x64
		{7A216346-9B8E-4577-878E-319AF66E9B1A}.Debug|x64.Build.0 = Debug|x64
		{7A216346-9B8E-4577-878E-319AF66E9B1A}.Debug|x86.ActiveCfg = Debug|Win32
		{7A216346-9B8E-4577-878E-319AF66E9B1A}.Debug|x86.Build.0 = Debug|Win32
		{7A216346-9B8E-4577-878E-319AF66E9B1A}.Release|x64.ActiveCfg = Release|x64
		{7A216346-9B8E-4577-878E-319AF66E9B1A}.Release|x64.Build.0 = Release|x64
		{7A216346-9B8E-4577-878E-319AF66E9B1A}.Release|x86.ActiveCfg = Release|Win32
		{7A216346-9B8E-4577-878E-319AF66E9B1A}.Release|x86.Build.0 = Release|Win32
	EndGlobalSection
	GlobalSection(SolutionProperties) = preSolution
		HideSolutionNode = FALSE
	EndGlobalSection
	GlobalSection(ExtensibilityGlobals) = postSolution
		SolutionGuid = {B61B090F-65CC-49BD-9244-C2221749962E}
	EndGlobalSection
EndGlobal
