
Microsoft Visual Studio Solution File, Format Version 12.00
# Visual Studio Version 16
VisualStudioVersion = 16.0.29201.188
MinimumVisualStudioVersion = 10.0.40219.1
Project("{8BC9CEB8-8B4A-11D0-8D11-00A0C91BC942}") = "20190813", "20190813\20190813.vcxproj", "{CB1D64E5-C982-4E10-A886-AA821A0D350A}"
EndProject
Global
	GlobalSection(SolutionConfigurationPlatforms) = preSolution
		Debug|x64 = Debug|x64
		Debug|x86 = Debug|x86
		Release|x64 = Release|x64
		Release|x86 = Release|x86
	EndGlobalSection
	GlobalSection(ProjectConfigurationPlatforms) = postSolution
		{CB1D64E5-C982-4E10-A886-AA821A0D350A}.Debug|x64.ActiveCfg = Debug|x64
		{CB1D64E5-C982-4E10-A886-AA821A0D350A}.Debug|x64.Build.0 = Debug|x64
		{CB1D64E5-C982-4E10-A886-AA821A0D350A}.Debug|x86.ActiveCfg = Debug|Win32
		{CB1D64E5-C982-4E10-A886-AA821A0D350A}.Debug|x86.Build.0 = Debug|Win32
		{CB1D64E5-C982-4E10-A886-AA821A0D350A}.Release|x64.ActiveCfg = Release|x64
		{CB1D64E5-C982-4E10-A886-AA821A0D350A}.Release|x64.Build.0 = Release|x64
		{CB1D64E5-C982-4E10-A886-AA821A0D350A}.Release|x86.ActiveCfg = Release|Win32
		{CB1D64E5-C982-4E10-A886-AA821A0D350A}.Release|x86.Build.0 = Release|Win32
	EndGlobalSection
	GlobalSection(SolutionProperties) = preSolution
		HideSolutionNode = FALSE
	EndGlobalSection
	GlobalSection(ExtensibilityGlobals) = postSolution
		SolutionGuid = {EDC941E3-BDA5-479E-BF40-B7AEB2824F9A}
	EndGlobalSection
EndGlobal
