
Microsoft Visual Studio Solution File, Format Version 12.00
# Visual Studio Version 16
VisualStudioVersion = 16.0.29201.188
MinimumVisualStudioVersion = 10.0.40219.1
Project("{8BC9CEB8-8B4A-11D0-8D11-00A0C91BC942}") = "20190814", "20190814\20190814.vcxproj", "{A35AC3D3-3CDA-4067-8006-3D3A6CD9DD5C}"
EndProject
Global
	GlobalSection(SolutionConfigurationPlatforms) = preSolution
		Debug|x64 = Debug|x64
		Debug|x86 = Debug|x86
		Release|x64 = Release|x64
		Release|x86 = Release|x86
	EndGlobalSection
	GlobalSection(ProjectConfigurationPlatforms) = postSolution
		{A35AC3D3-3CDA-4067-8006-3D3A6CD9DD5C}.Debug|x64.ActiveCfg = Debug|x64
		{A35AC3D3-3CDA-4067-8006-3D3A6CD9DD5C}.Debug|x64.Build.0 = Debug|x64
		{A35AC3D3-3CDA-4067-8006-3D3A6CD9DD5C}.Debug|x86.ActiveCfg = Debug|Win32
		{A35AC3D3-3CDA-4067-8006-3D3A6CD9DD5C}.Debug|x86.Build.0 = Debug|Win32
		{A35AC3D3-3CDA-4067-8006-3D3A6CD9DD5C}.Release|x64.ActiveCfg = Release|x64
		{A35AC3D3-3CDA-4067-8006-3D3A6CD9DD5C}.Release|x64.Build.0 = Release|x64
		{A35AC3D3-3CDA-4067-8006-3D3A6CD9DD5C}.Release|x86.ActiveCfg = Release|Win32
		{A35AC3D3-3CDA-4067-8006-3D3A6CD9DD5C}.Release|x86.Build.0 = Release|Win32
	EndGlobalSection
	GlobalSection(SolutionProperties) = preSolution
		HideSolutionNode = FALSE
	EndGlobalSection
	GlobalSection(ExtensibilityGlobals) = postSolution
		SolutionGuid = {EAC43546-8C09-41B4-B118-188B03E9A447}
	EndGlobalSection
EndGlobal
