
Microsoft Visual Studio Solution File, Format Version 12.00
# Visual Studio Version 16
VisualStudioVersion = 16.0.29503.13
MinimumVisualStudioVersion = 10.0.40219.1
Project("{8BC9CEB8-8B4A-11D0-8D11-00A0C91BC942}") = "后缀表达式求和", "后缀表达式求和\后缀表达式求和.vcxproj", "{B979FE3F-5661-4EEF-8A95-4456016CE4EE}"
EndProject
Global
	GlobalSection(SolutionConfigurationPlatforms) = preSolution
		Debug|x64 = Debug|x64
		Debug|x86 = Debug|x86
		Release|x64 = Release|x64
		Release|x86 = Release|x86
	EndGlobalSection
	GlobalSection(ProjectConfigurationPlatforms) = postSolution
		{B979FE3F-5661-4EEF-8A95-4456016CE4EE}.Debug|x64.ActiveCfg = Debug|x64
		{B979FE3F-5661-4EEF-8A95-4456016CE4EE}.Debug|x64.Build.0 = Debug|x64
		{B979FE3F-5661-4EEF-8A95-4456016CE4EE}.Debug|x86.ActiveCfg = Debug|Win32
		{B979FE3F-5661-4EEF-8A95-4456016CE4EE}.Debug|x86.Build.0 = Debug|Win32
		{B979FE3F-5661-4EEF-8A95-4456016CE4EE}.Release|x64.ActiveCfg = Release|x64
		{B979FE3F-5661-4EEF-8A95-4456016CE4EE}.Release|x64.Build.0 = Release|x64
		{B979FE3F-5661-4EEF-8A95-4456016CE4EE}.Release|x86.ActiveCfg = Release|Win32
		{B979FE3F-5661-4EEF-8A95-4456016CE4EE}.Release|x86.Build.0 = Release|Win32
	EndGlobalSection
	GlobalSection(SolutionProperties) = preSolution
		HideSolutionNode = FALSE
	EndGlobalSection
	GlobalSection(ExtensibilityGlobals) = postSolution
		SolutionGuid = {678E2564-ECEB-4BE4-9774-CE415E19C454}
	EndGlobalSection
EndGlobal
