
Microsoft Visual Studio Solution File, Format Version 12.00
# Visual Studio Version 16
VisualStudioVersion = 16.0.29519.87
MinimumVisualStudioVersion = 10.0.40219.1
Project("{8BC9CEB8-8B4A-11D0-8D11-00A0C91BC942}") = "20191223", "20191223\20191223.vcxproj", "{D9CF4BA9-B861-4974-8F19-D4B7EC64AB47}"
EndProject
Global
	GlobalSection(SolutionConfigurationPlatforms) = preSolution
		Debug|x64 = Debug|x64
		Debug|x86 = Debug|x86
		Release|x64 = Release|x64
		Release|x86 = Release|x86
	EndGlobalSection
	GlobalSection(ProjectConfigurationPlatforms) = postSolution
		{D9CF4BA9-B861-4974-8F19-D4B7EC64AB47}.Debug|x64.ActiveCfg = Debug|x64
		{D9CF4BA9-B861-4974-8F19-D4B7EC64AB47}.Debug|x64.Build.0 = Debug|x64
		{D9CF4BA9-B861-4974-8F19-D4B7EC64AB47}.Debug|x86.ActiveCfg = Debug|Win32
		{D9CF4BA9-B861-4974-8F19-D4B7EC64AB47}.Debug|x86.Build.0 = Debug|Win32
		{D9CF4BA9-B861-4974-8F19-D4B7EC64AB47}.Release|x64.ActiveCfg = Release|x64
		{D9CF4BA9-B861-4974-8F19-D4B7EC64AB47}.Release|x64.Build.0 = Release|x64
		{D9CF4BA9-B861-4974-8F19-D4B7EC64AB47}.Release|x86.ActiveCfg = Release|Win32
		{D9CF4BA9-B861-4974-8F19-D4B7EC64AB47}.Release|x86.Build.0 = Release|Win32
	EndGlobalSection
	GlobalSection(SolutionProperties) = preSolution
		HideSolutionNode = FALSE
	EndGlobalSection
	GlobalSection(ExtensibilityGlobals) = postSolution
		SolutionGuid = {57A96745-3D94-4194-858C-D2FF2E89A60E}
	EndGlobalSection
EndGlobal
